
Microsoft Visual Studio Solution File, Format Version 12.00
# Visual Studio 15
VisualStudioVersion = 15.0.28307.572
MinimumVisualStudioVersion = 10.0.40219.1
Project("{FAE04EC0-301F-11D3-BF4B-00C04F79EFBC}") = "ROR13HashGenerator", "ROR13HashGenerator\ROR13HashGenerator.csproj", "{9AF65306-14C3-4262-B16C-A628CBAFF612}"
EndProject
Global
	GlobalSection(SolutionConfigurationPlatforms) = preSolution
		Debug|Any CPU = Debug|Any CPU
		Release|Any CPU = Release|Any CPU
	EndGlobalSection
	GlobalSection(ProjectConfigurationPlatforms) = postSolution
		{9AF65306-14C3-4262-B16C-A628CBAFF612}.Debug|Any CPU.ActiveCfg = Debug|Any CPU
		{9AF65306-14C3-4262-B16C-A628CBAFF612}.Debug|Any CPU.Build.0 = Debug|Any CPU
		{9AF65306-14C3-4262-B16C-A628CBAFF612}.Release|Any CPU.ActiveCfg = Release|Any CPU
		{9AF65306-14C3-4262-B16C-A628CBAFF612}.Release|Any CPU.Build.0 = Release|Any CPU
	EndGlobalSection
	GlobalSection(SolutionProperties) = preSolution
		HideSolutionNode = FALSE
	EndGlobalSection
	GlobalSection(ExtensibilityGlobals) = postSolution
		SolutionGuid = {C0BB9D97-978D-451C-BB8B-22043F446B89}
	EndGlobalSection
EndGlobal
